
Microsoft Visual Studio Solution File, Format Version 12.00
# Visual Studio 15
VisualStudioVersion = 15.0.28307.1062
MinimumVisualStudioVersion = 10.0.40219.1
Project("{FAE04EC0-301F-11D3-BF4B-00C04F79EFBC}") = "ATM", "ATM\ATM.csproj", "{C7BE9C3E-9BB9-422D-A11A-78FB750FDF58}"
EndProject
Global
	GlobalSection(SolutionConfigurationPlatforms) = preSolution
		Debug|Any CPU = Debug|Any CPU
		Release|Any CPU = Release|Any CPU
	EndGlobalSection
	GlobalSection(ProjectConfigurationPlatforms) = postSolution
		{C7BE9C3E-9BB9-422D-A11A-78FB750FDF58}.Debug|Any CPU.ActiveCfg = Debug|Any CPU
		{C7BE9C3E-9BB9-422D-A11A-78FB750FDF58}.Debug|Any CPU.Build.0 = Debug|Any CPU
		{C7BE9C3E-9BB9-422D-A11A-78FB750FDF58}.Release|Any CPU.ActiveCfg = Release|Any CPU
		{C7BE9C3E-9BB9-422D-A11A-78FB750FDF58}.Release|Any CPU.Build.0 = Release|Any CPU
	EndGlobalSection
	GlobalSection(SolutionProperties) = preSolution
		HideSolutionNode = FALSE
	EndGlobalSection
	GlobalSection(ExtensibilityGlobals) = postSolution
		SolutionGuid = {88F60A35-CD89-48A3-91A2-60BA2A6C91CA}
	EndGlobalSection
EndGlobal
